// !$*UTF8*$!
{
	archiveVersion = 1;
	classes = {
	};
	objectVersion = 46;
	objects = {

/* Begin PBXBuildFile section */
		53C8811021507142003F4561 /* CustomMapViewController.swift in Sources */ = {isa = PBXBuildFile; fileRef = 53C8810D21507141003F4561 /* CustomMapViewController.swift */; };
		53C8811121507142003F4561 /* MapWidget.storyboard in Resources */ = {isa = PBXBuildFile; fileRef = 53C8810F21507142003F4561 /* MapWidget.storyboard */; };
		53ECE275233DB80100E278CD /* SimulationControlsViewController.swift in Sources */ = {isa = PBXBuildFile; fileRef = 53ECE274233DB80100E278CD /* SimulationControlsViewController.swift */; };
		53ECE278233DB8B500E278CD /* Helpers.swift in Sources */ = {isa = PBXBuildFile; fileRef = 53ECE277233DB8B500E278CD /* Helpers.swift */; };
		73DFCA26533189E3D7DC6D48 /* Pods_DronosUTM.framework in Frameworks */ = {isa = PBXBuildFile; fileRef = 288FC6C5D6AFD0052F54C4F2 /* Pods_DronosUTM.framework */; };
		A452DC382070D8CC00EFBA30 /* AppDelegate.swift in Sources */ = {isa = PBXBuildFile; fileRef = A452DC252070D8CB00EFBA30 /* AppDelegate.swift */; };
		A452DC392070D8CC00EFBA30 /* Assets.xcassets in Resources */ = {isa = PBXBuildFile; fileRef = A452DC262070D8CB00EFBA30 /* Assets.xcassets */; };
		A452DC3B2070D8CC00EFBA30 /* Main.storyboard in Resources */ = {isa = PBXBuildFile; fileRef = A452DC292070D8CB00EFBA30 /* Main.storyboard */; };
		A452DC3C2070D8CC00EFBA30 /* DefaultLayout.storyboard in Resources */ = {isa = PBXBuildFile; fileRef = A452DC2B2070D8CB00EFBA30 /* DefaultLayout.storyboard */; };
		A452DC3D2070D8CC00EFBA30 /* DefaultLayoutCustomization.storyboard in Resources */ = {isa = PBXBuildFile; fileRef = A452DC2C2070D8CB00EFBA30 /* DefaultLayoutCustomization.storyboard */; };
		A452DC3E2070D8CC00EFBA30 /* DefaultLayoutCustomizationViewController.swift in Sources */ = {isa = PBXBuildFile; fileRef = A452DC2D2070D8CB00EFBA30 /* DefaultLayoutCustomizationViewController.swift */; };
		A452DC3F2070D8CC00EFBA30 /* DefaultLayoutViewController.swift in Sources */ = {isa = PBXBuildFile; fileRef = A452DC2E2070D8CB00EFBA30 /* DefaultLayoutViewController.swift */; };
		A452DC422070D8CC00EFBA30 /* MapWidgetViewController.swift in Sources */ = {isa = PBXBuildFile; fileRef = A452DC312070D8CB00EFBA30 /* MapWidgetViewController.swift */; };
		A452DC432070D8CC00EFBA30 /* MyBatteryWidget.swift in Sources */ = {isa = PBXBuildFile; fileRef = A452DC322070D8CB00EFBA30 /* MyBatteryWidget.swift */; };
		A452DC442070D8CC00EFBA30 /* PanelsCollections.storyboard in Resources */ = {isa = PBXBuildFile; fileRef = A452DC332070D8CB00EFBA30 /* PanelsCollections.storyboard */; };
		A452DC452070D8CC00EFBA30 /* PanelsCollectionsViewController.swift in Sources */ = {isa = PBXBuildFile; fileRef = A452DC342070D8CB00EFBA30 /* PanelsCollectionsViewController.swift */; };
		A452DC462070D8CC00EFBA30 /* ProductCommunicationService.swift in Sources */ = {isa = PBXBuildFile; fileRef = A452DC352070D8CB00EFBA30 /* ProductCommunicationService.swift */; };
		A452DC472070D8CC00EFBA30 /* Widgets.storyboard in Resources */ = {isa = PBXBuildFile; fileRef = A452DC362070D8CB00EFBA30 /* Widgets.storyboard */; };
		A452DC482070D8CC00EFBA30 /* WidgetsViewController.swift in Sources */ = {isa = PBXBuildFile; fileRef = A452DC372070D8CB00EFBA30 /* WidgetsViewController.swift */; };
		B21A48782A721551000A147B /* TextEditor.swift in Sources */ = {isa = PBXBuildFile; fileRef = B21A48772A721551000A147B /* TextEditor.swift */; };
		B21A487A2A7219C8000A147B /* HorizontalView.swift in Sources */ = {isa = PBXBuildFile; fileRef = B21A48792A7219C8000A147B /* HorizontalView.swift */; };
		B21A487C2A722A1D000A147B /* AppFlow.swift in Sources */ = {isa = PBXBuildFile; fileRef = B21A487B2A722A1D000A147B /* AppFlow.swift */; };
		B21A487E2A7250F2000A147B /* ViewMission.swift in Sources */ = {isa = PBXBuildFile; fileRef = B21A487D2A7250F2000A147B /* ViewMission.swift */; };
		B21A48812A725567000A147B /* Profile.swift in Sources */ = {isa = PBXBuildFile; fileRef = B21A48802A725567000A147B /* Profile.swift */; };
		B257D6A92A68DB9100A983E8 /* ForgotPasssword.swift in Sources */ = {isa = PBXBuildFile; fileRef = B257D6A82A68DB9100A983E8 /* ForgotPasssword.swift */; };
		B257D6AB2A68E3B800A983E8 /* VerifyOTP.swift in Sources */ = {isa = PBXBuildFile; fileRef = B257D6AA2A68E3B800A983E8 /* VerifyOTP.swift */; };
		B257D6AD2A68EDEA00A983E8 /* Constants.swift in Sources */ = {isa = PBXBuildFile; fileRef = B257D6AC2A68EDEA00A983E8 /* Constants.swift */; };
		B29803BE2A5EAAF300A94612 /* TextLabel.swift in Sources */ = {isa = PBXBuildFile; fileRef = B29803BD2A5EAAF300A94612 /* TextLabel.swift */; };
		B29803C52A5EAC2900A94612 /* Splashscreen.swift in Sources */ = {isa = PBXBuildFile; fileRef = B29803C42A5EAC2900A94612 /* Splashscreen.swift */; };
		B2AD6EEA2A5FC84500BE1EB4 /* APIService.swift in Sources */ = {isa = PBXBuildFile; fileRef = B2AD6EE92A5FC84500BE1EB4 /* APIService.swift */; };
		B2AD6EEF2A5FC9E500BE1EB4 /* AccountService.swift in Sources */ = {isa = PBXBuildFile; fileRef = B2AD6EEE2A5FC9E500BE1EB4 /* AccountService.swift */; };
		B2AD6EF12A5FCA3D00BE1EB4 /* MQTTService.swift in Sources */ = {isa = PBXBuildFile; fileRef = B2AD6EF02A5FCA3D00BE1EB4 /* MQTTService.swift */; };
		B2AD6EF52A5FE2DD00BE1EB4 /* Colors.swift in Sources */ = {isa = PBXBuildFile; fileRef = B2AD6EF42A5FE2DD00BE1EB4 /* Colors.swift */; };
		B2AD6F2D2A5FF4FF00BE1EB4 /* Barlow-ExtraBold.ttf in Resources */ = {isa = PBXBuildFile; fileRef = B2AD6F1B2A5FF4FE00BE1EB4 /* Barlow-ExtraBold.ttf */; };
		B2AD6F2E2A5FF4FF00BE1EB4 /* Barlow-BlackItalic.ttf in Resources */ = {isa = PBXBuildFile; fileRef = B2AD6F1C2A5FF4FE00BE1EB4 /* Barlow-BlackItalic.ttf */; };
		B2AD6F2F2A5FF4FF00BE1EB4 /* Barlow-ExtraLight.ttf in Resources */ = {isa = PBXBuildFile; fileRef = B2AD6F1D2A5FF4FE00BE1EB4 /* Barlow-ExtraLight.ttf */; };
		B2AD6F302A5FF4FF00BE1EB4 /* Barlow-Light.ttf in Resources */ = {isa = PBXBuildFile; fileRef = B2AD6F1E2A5FF4FE00BE1EB4 /* Barlow-Light.ttf */; };
		B2AD6F312A5FF4FF00BE1EB4 /* Barlow-BoldItalic.ttf in Resources */ = {isa = PBXBuildFile; fileRef = B2AD6F1F2A5FF4FE00BE1EB4 /* Barlow-BoldItalic.ttf */; };
		B2AD6F322A5FF4FF00BE1EB4 /* Barlow-Bold.ttf in Resources */ = {isa = PBXBuildFile; fileRef = B2AD6F202A5FF4FE00BE1EB4 /* Barlow-Bold.ttf */; };
		B2AD6F332A5FF4FF00BE1EB4 /* Barlow-Black.ttf in Resources */ = {isa = PBXBuildFile; fileRef = B2AD6F212A5FF4FE00BE1EB4 /* Barlow-Black.ttf */; };
		B2AD6F342A5FF4FF00BE1EB4 /* Barlow-SemiBold.ttf in Resources */ = {isa = PBXBuildFile; fileRef = B2AD6F222A5FF4FE00BE1EB4 /* Barlow-SemiBold.ttf */; };
		B2AD6F352A5FF4FF00BE1EB4 /* Barlow-Thin.ttf in Resources */ = {isa = PBXBuildFile; fileRef = B2AD6F232A5FF4FE00BE1EB4 /* Barlow-Thin.ttf */; };
		B2AD6F362A5FF4FF00BE1EB4 /* Barlow-Italic.ttf in Resources */ = {isa = PBXBuildFile; fileRef = B2AD6F242A5FF4FF00BE1EB4 /* Barlow-Italic.ttf */; };
		B2AD6F372A5FF4FF00BE1EB4 /* Barlow-LightItalic.ttf in Resources */ = {isa = PBXBuildFile; fileRef = B2AD6F252A5FF4FF00BE1EB4 /* Barlow-LightItalic.ttf */; };
		B2AD6F382A5FF4FF00BE1EB4 /* Barlow-Medium.ttf in Resources */ = {isa = PBXBuildFile; fileRef = B2AD6F262A5FF4FF00BE1EB4 /* Barlow-Medium.ttf */; };
		B2AD6F392A5FF4FF00BE1EB4 /* Barlow-MediumItalic.ttf in Resources */ = {isa = PBXBuildFile; fileRef = B2AD6F272A5FF4FF00BE1EB4 /* Barlow-MediumItalic.ttf */; };
		B2AD6F3A2A5FF4FF00BE1EB4 /* Barlow-SemiBoldItalic.ttf in Resources */ = {isa = PBXBuildFile; fileRef = B2AD6F282A5FF4FF00BE1EB4 /* Barlow-SemiBoldItalic.ttf */; };
		B2AD6F3B2A5FF4FF00BE1EB4 /* Barlow-ThinItalic.ttf in Resources */ = {isa = PBXBuildFile; fileRef = B2AD6F292A5FF4FF00BE1EB4 /* Barlow-ThinItalic.ttf */; };
		B2AD6F3C2A5FF4FF00BE1EB4 /* Barlow-Regular.ttf in Resources */ = {isa = PBXBuildFile; fileRef = B2AD6F2A2A5FF4FF00BE1EB4 /* Barlow-Regular.ttf */; };
		B2AD6F3D2A5FF4FF00BE1EB4 /* Barlow-ExtraBoldItalic.ttf in Resources */ = {isa = PBXBuildFile; fileRef = B2AD6F2B2A5FF4FF00BE1EB4 /* Barlow-ExtraBoldItalic.ttf */; };
		B2AD6F3E2A5FF4FF00BE1EB4 /* Barlow-ExtraLightItalic.ttf in Resources */ = {isa = PBXBuildFile; fileRef = B2AD6F2C2A5FF4FF00BE1EB4 /* Barlow-ExtraLightItalic.ttf */; };
		B2C1D1B72A6A6BDE00D549CF /* ResetPassword.swift in Sources */ = {isa = PBXBuildFile; fileRef = B2C1D1B62A6A6BDE00D549CF /* ResetPassword.swift */; };
		B2E42EB72A5E83EC00D78AD1 /* MainViewController.swift in Sources */ = {isa = PBXBuildFile; fileRef = A452DC302070D8CB00EFBA30 /* MainViewController.swift */; };
		B2E42EB92A5E849800D78AD1 /* Launchpad.swift in Sources */ = {isa = PBXBuildFile; fileRef = B2E42EB82A5E849800D78AD1 /* Launchpad.swift */; };
		B2E42EBC2A5E8E4800D78AD1 /* LoginPage.swift in Sources */ = {isa = PBXBuildFile; fileRef = B2E42EBB2A5E8E4800D78AD1 /* LoginPage.swift */; };
		B2E42EBF2A5E8FAC00D78AD1 /* MissionList.swift in Sources */ = {isa = PBXBuildFile; fileRef = B2E42EBE2A5E8FAC00D78AD1 /* MissionList.swift */; };
/* End PBXBuildFile section */

/* Begin PBXCopyFilesBuildPhase section */
		38D2C4751E0B1EF2009A3831 /* Embed Frameworks */ = {
			isa = PBXCopyFilesBuildPhase;
			buildActionMask = 2147483647;
			dstPath = "";
			dstSubfolderSpec = 10;
			files = (
			);
			name = "Embed Frameworks";
			runOnlyForDeploymentPostprocessing = 0;
		};
/* End PBXCopyFilesBuildPhase section */

/* Begin PBXFileReference section */
		08219E6FFD12D30D035F462E /* Pods-UXSDKSwiftSample.release.xcconfig */ = {isa = PBXFileReference; includeInIndex = 1; lastKnownFileType = text.xcconfig; name = "Pods-UXSDKSwiftSample.release.xcconfig"; path = "Target Support Files/Pods-UXSDKSwiftSample/Pods-UXSDKSwiftSample.release.xcconfig"; sourceTree = "<group>"; };
		288FC6C5D6AFD0052F54C4F2 /* Pods_DronosUTM.framework */ = {isa = PBXFileReference; explicitFileType = wrapper.framework; includeInIndex = 0; path = Pods_DronosUTM.framework; sourceTree = BUILT_PRODUCTS_DIR; };
		38D2C47F1E0B1F20009A3831 /* libz.tbd */ = {isa = PBXFileReference; lastKnownFileType = "sourcecode.text-based-dylib-definition"; name = libz.tbd; path = usr/lib/libz.tbd; sourceTree = SDKROOT; };
		5300B461212BDE970015AF46 /* FFmpeg.framework */ = {isa = PBXFileReference; lastKnownFileType = wrapper.framework; name = FFmpeg.framework; path = ../DJIWidget/FFmpeg/FFmpeg.framework; sourceTree = "<group>"; };
		53C8810D21507141003F4561 /* CustomMapViewController.swift */ = {isa = PBXFileReference; fileEncoding = 4; lastKnownFileType = sourcecode.swift; path = CustomMapViewController.swift; sourceTree = "<group>"; };
		53C8810F21507142003F4561 /* MapWidget.storyboard */ = {isa = PBXFileReference; fileEncoding = 4; lastKnownFileType = file.storyboard; path = MapWidget.storyboard; sourceTree = "<group>"; };
		53ECE274233DB80100E278CD /* SimulationControlsViewController.swift */ = {isa = PBXFileReference; lastKnownFileType = sourcecode.swift; path = SimulationControlsViewController.swift; sourceTree = "<group>"; };
		53ECE277233DB8B500E278CD /* Helpers.swift */ = {isa = PBXFileReference; lastKnownFileType = sourcecode.swift; path = Helpers.swift; sourceTree = "<group>"; };
		768E93E62BC6C08834700599 /* Pods-DronosUTM.release.xcconfig */ = {isa = PBXFileReference; includeInIndex = 1; lastKnownFileType = text.xcconfig; name = "Pods-DronosUTM.release.xcconfig"; path = "Target Support Files/Pods-DronosUTM/Pods-DronosUTM.release.xcconfig"; sourceTree = "<group>"; };
		868A4ED01E01FA53006FEE33 /* DronosUTM.app */ = {isa = PBXFileReference; explicitFileType = wrapper.application; includeInIndex = 0; path = DronosUTM.app; sourceTree = BUILT_PRODUCTS_DIR; };
		A452DC252070D8CB00EFBA30 /* AppDelegate.swift */ = {isa = PBXFileReference; fileEncoding = 4; lastKnownFileType = sourcecode.swift; path = AppDelegate.swift; sourceTree = "<group>"; };
		A452DC262070D8CB00EFBA30 /* Assets.xcassets */ = {isa = PBXFileReference; lastKnownFileType = folder.assetcatalog; path = Assets.xcassets; sourceTree = "<group>"; };
		A452DC2A2070D8CB00EFBA30 /* Base */ = {isa = PBXFileReference; lastKnownFileType = file.storyboard; name = Base; path = Base.lproj/Main.storyboard; sourceTree = "<group>"; };
		A452DC2B2070D8CB00EFBA30 /* DefaultLayout.storyboard */ = {isa = PBXFileReference; fileEncoding = 4; lastKnownFileType = file.storyboard; path = DefaultLayout.storyboard; sourceTree = "<group>"; };
		A452DC2C2070D8CB00EFBA30 /* DefaultLayoutCustomization.storyboard */ = {isa = PBXFileReference; fileEncoding = 4; lastKnownFileType = file.storyboard; path = DefaultLayoutCustomization.storyboard; sourceTree = "<group>"; };
		A452DC2D2070D8CB00EFBA30 /* DefaultLayoutCustomizationViewController.swift */ = {isa = PBXFileReference; fileEncoding = 4; lastKnownFileType = sourcecode.swift; path = DefaultLayoutCustomizationViewController.swift; sourceTree = "<group>"; };
		A452DC2E2070D8CB00EFBA30 /* DefaultLayoutViewController.swift */ = {isa = PBXFileReference; fileEncoding = 4; lastKnownFileType = sourcecode.swift; path = DefaultLayoutViewController.swift; sourceTree = "<group>"; };
		A452DC2F2070D8CB00EFBA30 /* Info.plist */ = {isa = PBXFileReference; fileEncoding = 4; lastKnownFileType = text.plist.xml; path = Info.plist; sourceTree = "<group>"; };
		A452DC302070D8CB00EFBA30 /* MainViewController.swift */ = {isa = PBXFileReference; fileEncoding = 4; lastKnownFileType = sourcecode.swift; path = MainViewController.swift; sourceTree = "<group>"; };
		A452DC312070D8CB00EFBA30 /* MapWidgetViewController.swift */ = {isa = PBXFileReference; fileEncoding = 4; lastKnownFileType = sourcecode.swift; path = MapWidgetViewController.swift; sourceTree = "<group>"; };
		A452DC322070D8CB00EFBA30 /* MyBatteryWidget.swift */ = {isa = PBXFileReference; fileEncoding = 4; lastKnownFileType = sourcecode.swift; path = MyBatteryWidget.swift; sourceTree = "<group>"; };
		A452DC332070D8CB00EFBA30 /* PanelsCollections.storyboard */ = {isa = PBXFileReference; fileEncoding = 4; lastKnownFileType = file.storyboard; path = PanelsCollections.storyboard; sourceTree = "<group>"; };
		A452DC342070D8CB00EFBA30 /* PanelsCollectionsViewController.swift */ = {isa = PBXFileReference; fileEncoding = 4; lastKnownFileType = sourcecode.swift; path = PanelsCollectionsViewController.swift; sourceTree = "<group>"; };
		A452DC352070D8CB00EFBA30 /* ProductCommunicationService.swift */ = {isa = PBXFileReference; fileEncoding = 4; lastKnownFileType = sourcecode.swift; path = ProductCommunicationService.swift; sourceTree = "<group>"; };
		A452DC362070D8CB00EFBA30 /* Widgets.storyboard */ = {isa = PBXFileReference; fileEncoding = 4; lastKnownFileType = file.storyboard; path = Widgets.storyboard; sourceTree = "<group>"; };
		A452DC372070D8CB00EFBA30 /* WidgetsViewController.swift */ = {isa = PBXFileReference; fileEncoding = 4; lastKnownFileType = sourcecode.swift; path = WidgetsViewController.swift; sourceTree = "<group>"; };
		B21A48772A721551000A147B /* TextEditor.swift */ = {isa = PBXFileReference; lastKnownFileType = sourcecode.swift; path = TextEditor.swift; sourceTree = "<group>"; };
		B21A48792A7219C8000A147B /* HorizontalView.swift */ = {isa = PBXFileReference; lastKnownFileType = sourcecode.swift; path = HorizontalView.swift; sourceTree = "<group>"; };
		B21A487B2A722A1D000A147B /* AppFlow.swift */ = {isa = PBXFileReference; lastKnownFileType = sourcecode.swift; path = AppFlow.swift; sourceTree = "<group>"; };
		B21A487D2A7250F2000A147B /* ViewMission.swift */ = {isa = PBXFileReference; lastKnownFileType = sourcecode.swift; path = ViewMission.swift; sourceTree = "<group>"; };
		B21A48802A725567000A147B /* Profile.swift */ = {isa = PBXFileReference; lastKnownFileType = sourcecode.swift; path = Profile.swift; sourceTree = "<group>"; };
		B257D6A82A68DB9100A983E8 /* ForgotPasssword.swift */ = {isa = PBXFileReference; lastKnownFileType = sourcecode.swift; path = ForgotPasssword.swift; sourceTree = "<group>"; };
		B257D6AA2A68E3B800A983E8 /* VerifyOTP.swift */ = {isa = PBXFileReference; lastKnownFileType = sourcecode.swift; path = VerifyOTP.swift; sourceTree = "<group>"; };
		B257D6AC2A68EDEA00A983E8 /* Constants.swift */ = {isa = PBXFileReference; lastKnownFileType = sourcecode.swift; path = Constants.swift; sourceTree = "<group>"; };
		B29803BD2A5EAAF300A94612 /* TextLabel.swift */ = {isa = PBXFileReference; lastKnownFileType = sourcecode.swift; path = TextLabel.swift; sourceTree = "<group>"; };
		B29803C42A5EAC2900A94612 /* Splashscreen.swift */ = {isa = PBXFileReference; lastKnownFileType = sourcecode.swift; path = Splashscreen.swift; sourceTree = "<group>"; };
		B2AD6EE92A5FC84500BE1EB4 /* APIService.swift */ = {isa = PBXFileReference; lastKnownFileType = sourcecode.swift; path = APIService.swift; sourceTree = "<group>"; };
		B2AD6EEE2A5FC9E500BE1EB4 /* AccountService.swift */ = {isa = PBXFileReference; lastKnownFileType = sourcecode.swift; path = AccountService.swift; sourceTree = "<group>"; };
		B2AD6EF02A5FCA3D00BE1EB4 /* MQTTService.swift */ = {isa = PBXFileReference; lastKnownFileType = sourcecode.swift; path = MQTTService.swift; sourceTree = "<group>"; };
		B2AD6EF42A5FE2DD00BE1EB4 /* Colors.swift */ = {isa = PBXFileReference; lastKnownFileType = sourcecode.swift; path = Colors.swift; sourceTree = "<group>"; };
		B2AD6F1B2A5FF4FE00BE1EB4 /* Barlow-ExtraBold.ttf */ = {isa = PBXFileReference; lastKnownFileType = file; path = "Barlow-ExtraBold.ttf"; sourceTree = "<group>"; };
		B2AD6F1C2A5FF4FE00BE1EB4 /* Barlow-BlackItalic.ttf */ = {isa = PBXFileReference; lastKnownFileType = file; path = "Barlow-BlackItalic.ttf"; sourceTree = "<group>"; };
		B2AD6F1D2A5FF4FE00BE1EB4 /* Barlow-ExtraLight.ttf */ = {isa = PBXFileReference; lastKnownFileType = file; path = "Barlow-ExtraLight.ttf"; sourceTree = "<group>"; };
		B2AD6F1E2A5FF4FE00BE1EB4 /* Barlow-Light.ttf */ = {isa = PBXFileReference; lastKnownFileType = file; path = "Barlow-Light.ttf"; sourceTree = "<group>"; };
		B2AD6F1F2A5FF4FE00BE1EB4 /* Barlow-BoldItalic.ttf */ = {isa = PBXFileReference; lastKnownFileType = file; path = "Barlow-BoldItalic.ttf"; sourceTree = "<group>"; };
		B2AD6F202A5FF4FE00BE1EB4 /* Barlow-Bold.ttf */ = {isa = PBXFileReference; lastKnownFileType = file; path = "Barlow-Bold.ttf"; sourceTree = "<group>"; };
		B2AD6F212A5FF4FE00BE1EB4 /* Barlow-Black.ttf */ = {isa = PBXFileReference; lastKnownFileType = file; path = "Barlow-Black.ttf"; sourceTree = "<group>"; };
		B2AD6F222A5FF4FE00BE1EB4 /* Barlow-SemiBold.ttf */ = {isa = PBXFileReference; lastKnownFileType = file; path = "Barlow-SemiBold.ttf"; sourceTree = "<group>"; };
		B2AD6F232A5FF4FE00BE1EB4 /* Barlow-Thin.ttf */ = {isa = PBXFileReference; lastKnownFileType = file; path = "Barlow-Thin.ttf"; sourceTree = "<group>"; };
		B2AD6F242A5FF4FF00BE1EB4 /* Barlow-Italic.ttf */ = {isa = PBXFileReference; lastKnownFileType = file; path = "Barlow-Italic.ttf"; sourceTree = "<group>"; };
		B2AD6F252A5FF4FF00BE1EB4 /* Barlow-LightItalic.ttf */ = {isa = PBXFileReference; lastKnownFileType = file; path = "Barlow-LightItalic.ttf"; sourceTree = "<group>"; };
		B2AD6F262A5FF4FF00BE1EB4 /* Barlow-Medium.ttf */ = {isa = PBXFileReference; lastKnownFileType = file; path = "Barlow-Medium.ttf"; sourceTree = "<group>"; };
		B2AD6F272A5FF4FF00BE1EB4 /* Barlow-MediumItalic.ttf */ = {isa = PBXFileReference; lastKnownFileType = file; path = "Barlow-MediumItalic.ttf"; sourceTree = "<group>"; };
		B2AD6F282A5FF4FF00BE1EB4 /* Barlow-SemiBoldItalic.ttf */ = {isa = PBXFileReference; lastKnownFileType = file; path = "Barlow-SemiBoldItalic.ttf"; sourceTree = "<group>"; };
		B2AD6F292A5FF4FF00BE1EB4 /* Barlow-ThinItalic.ttf */ = {isa = PBXFileReference; lastKnownFileType = file; path = "Barlow-ThinItalic.ttf"; sourceTree = "<group>"; };
		B2AD6F2A2A5FF4FF00BE1EB4 /* Barlow-Regular.ttf */ = {isa = PBXFileReference; lastKnownFileType = file; path = "Barlow-Regular.ttf"; sourceTree = "<group>"; };
		B2AD6F2B2A5FF4FF00BE1EB4 /* Barlow-ExtraBoldItalic.ttf */ = {isa = PBXFileReference; lastKnownFileType = file; path = "Barlow-ExtraBoldItalic.ttf"; sourceTree = "<group>"; };
		B2AD6F2C2A5FF4FF00BE1EB4 /* Barlow-ExtraLightItalic.ttf */ = {isa = PBXFileReference; lastKnownFileType = file; path = "Barlow-ExtraLightItalic.ttf"; sourceTree = "<group>"; };
		B2C1D1B62A6A6BDE00D549CF /* ResetPassword.swift */ = {isa = PBXFileReference; lastKnownFileType = sourcecode.swift; path = ResetPassword.swift; sourceTree = "<group>"; };
		B2E42EB82A5E849800D78AD1 /* Launchpad.swift */ = {isa = PBXFileReference; lastKnownFileType = sourcecode.swift; path = Launchpad.swift; sourceTree = "<group>"; };
		B2E42EBB2A5E8E4800D78AD1 /* LoginPage.swift */ = {isa = PBXFileReference; lastKnownFileType = sourcecode.swift; path = LoginPage.swift; sourceTree = "<group>"; };
		B2E42EBE2A5E8FAC00D78AD1 /* MissionList.swift */ = {isa = PBXFileReference; lastKnownFileType = sourcecode.swift; path = MissionList.swift; sourceTree = "<group>"; };
		DA877DEDB7DA07E361440993 /* Pods-DronosUTM.debug.xcconfig */ = {isa = PBXFileReference; includeInIndex = 1; lastKnownFileType = text.xcconfig; name = "Pods-DronosUTM.debug.xcconfig"; path = "Target Support Files/Pods-DronosUTM/Pods-DronosUTM.debug.xcconfig"; sourceTree = "<group>"; };
		E7FD91A72A60F82400E10672 /* gitignore */ = {isa = PBXFileReference; lastKnownFileType = text; path = gitignore; sourceTree = "<group>"; };
		FBC9D1EB0E1663B10A976FE4 /* Pods-UXSDKSwiftSample.debug.xcconfig */ = {isa = PBXFileReference; includeInIndex = 1; lastKnownFileType = text.xcconfig; name = "Pods-UXSDKSwiftSample.debug.xcconfig"; path = "Target Support Files/Pods-UXSDKSwiftSample/Pods-UXSDKSwiftSample.debug.xcconfig"; sourceTree = "<group>"; };
/* End PBXFileReference section */

/* Begin PBXFrameworksBuildPhase section */
		868A4ECD1E01FA53006FEE33 /* Frameworks */ = {
			isa = PBXFrameworksBuildPhase;
			buildActionMask = 2147483647;
			files = (
				73DFCA26533189E3D7DC6D48 /* Pods_DronosUTM.framework in Frameworks */,
			);
			runOnlyForDeploymentPostprocessing = 0;
		};
/* End PBXFrameworksBuildPhase section */

/* Begin PBXGroup section */
		38D2C47E1E0B1F20009A3831 /* Frameworks */ = {
			isa = PBXGroup;
			children = (
				5300B461212BDE970015AF46 /* FFmpeg.framework */,
				38D2C47F1E0B1F20009A3831 /* libz.tbd */,
				288FC6C5D6AFD0052F54C4F2 /* Pods_DronosUTM.framework */,
			);
			name = Frameworks;
			sourceTree = "<group>";
		};
		4D9BDACF6F6942DDFF44C784 /* Pods */ = {
			isa = PBXGroup;
			children = (
				FBC9D1EB0E1663B10A976FE4 /* Pods-UXSDKSwiftSample.debug.xcconfig */,
				08219E6FFD12D30D035F462E /* Pods-UXSDKSwiftSample.release.xcconfig */,
				DA877DEDB7DA07E361440993 /* Pods-DronosUTM.debug.xcconfig */,
				768E93E62BC6C08834700599 /* Pods-DronosUTM.release.xcconfig */,
			);
			path = Pods;
			sourceTree = "<group>";
		};
		53ECE273233DB7B400E278CD /* MainScreen */ = {
			isa = PBXGroup;
			children = (
				A452DC302070D8CB00EFBA30 /* MainViewController.swift */,
				53ECE274233DB80100E278CD /* SimulationControlsViewController.swift */,
				A452DC292070D8CB00EFBA30 /* Main.storyboard */,
			);
			path = MainScreen;
			sourceTree = "<group>";
		};
		53ECE276233DB88300E278CD /* Helpers */ = {
			isa = PBXGroup;
			children = (
				B21A48792A7219C8000A147B /* HorizontalView.swift */,
				53ECE277233DB8B500E278CD /* Helpers.swift */,
				B2AD6EF42A5FE2DD00BE1EB4 /* Colors.swift */,
			);
			path = Helpers;
			sourceTree = "<group>";
		};
		53EDD5F12346F384002E28AF /* ProductCommunication */ = {
			isa = PBXGroup;
			children = (
				A452DC352070D8CB00EFBA30 /* ProductCommunicationService.swift */,
			);
			path = ProductCommunication;
			sourceTree = "<group>";
		};
		53EDD5F22346F3FC002E28AF /* DefaultLayout */ = {
			isa = PBXGroup;
			children = (
				A452DC2B2070D8CB00EFBA30 /* DefaultLayout.storyboard */,
				A452DC2C2070D8CB00EFBA30 /* DefaultLayoutCustomization.storyboard */,
				A452DC2D2070D8CB00EFBA30 /* DefaultLayoutCustomizationViewController.swift */,
				A452DC2E2070D8CB00EFBA30 /* DefaultLayoutViewController.swift */,
			);
			path = DefaultLayout;
			sourceTree = "<group>";
		};
		53EDD5F42346F425002E28AF /* MapWidget */ = {
			isa = PBXGroup;
			children = (
				A452DC312070D8CB00EFBA30 /* MapWidgetViewController.swift */,
				53C8810D21507141003F4561 /* CustomMapViewController.swift */,
				53C8810F21507142003F4561 /* MapWidget.storyboard */,
			);
			path = MapWidget;
			sourceTree = "<group>";
		};
		53EDD5F52346F43E002E28AF /* CustomWidget */ = {
			isa = PBXGroup;
			children = (
				A452DC322070D8CB00EFBA30 /* MyBatteryWidget.swift */,
			);
			path = CustomWidget;
			sourceTree = "<group>";
		};
		53EDD5F62346F456002E28AF /* WidgetsCatalog */ = {
			isa = PBXGroup;
			children = (
				A452DC362070D8CB00EFBA30 /* Widgets.storyboard */,
				A452DC372070D8CB00EFBA30 /* WidgetsViewController.swift */,
			);
			path = WidgetsCatalog;
			sourceTree = "<group>";
		};
		53EDD5F72346F45D002E28AF /* PanelsCatalog */ = {
			isa = PBXGroup;
			children = (
				A452DC332070D8CB00EFBA30 /* PanelsCollections.storyboard */,
				A452DC342070D8CB00EFBA30 /* PanelsCollectionsViewController.swift */,
			);
			path = PanelsCatalog;
			sourceTree = "<group>";
		};
		868A4EC71E01FA53006FEE33 = {
			isa = PBXGroup;
			children = (
				A452DC242070D8CB00EFBA30 /* DronosUTM */,
				868A4ED11E01FA53006FEE33 /* Products */,
				38D2C47E1E0B1F20009A3831 /* Frameworks */,
				4D9BDACF6F6942DDFF44C784 /* Pods */,
			);
			sourceTree = "<group>";
		};
		868A4ED11E01FA53006FEE33 /* Products */ = {
			isa = PBXGroup;
			children = (
				868A4ED01E01FA53006FEE33 /* DronosUTM.app */,
			);
			name = Products;
			sourceTree = "<group>";
		};
		A452DC242070D8CB00EFBA30 /* DronosUTM */ = {
			isa = PBXGroup;
			children = (
				A452DC252070D8CB00EFBA30 /* AppDelegate.swift */,
				B257D6AC2A68EDEA00A983E8 /* Constants.swift */,
				B21A487B2A722A1D000A147B /* AppFlow.swift */,
				A452DC262070D8CB00EFBA30 /* Assets.xcassets */,
				A452DC2F2070D8CB00EFBA30 /* Info.plist */,
				B29803C32A5EAC1B00A94612 /* Splashscreen */,
				B257D6A72A68DB6300A983E8 /* Auth */,
				B2E42EB22A5E819500D78AD1 /* Launchpad */,
				B2E42EBD2A5E8FA200D78AD1 /* Missions */,
				53ECE273233DB7B400E278CD /* MainScreen */,
				B21A487F2A725555000A147B /* Profile */,
				B29803BC2A5EAAC700A94612 /* Components */,
				B2AD6EE82A5FC82700BE1EB4 /* Services */,
				53ECE276233DB88300E278CD /* Helpers */,
				B2F62B5B2A5F9F780001A3B2 /* UXSDK */,
				B2AD6EF62A5FEFDA00BE1EB4 /* Fonts */,
			);
			path = DronosUTM;
			sourceTree = "<group>";
		};
		B21A487F2A725555000A147B /* Profile */ = {
			isa = PBXGroup;
			children = (
				B21A48802A725567000A147B /* Profile.swift */,
			);
			path = Profile;
			sourceTree = "<group>";
		};
		B257D6A62A68DB5400A983E8 /* Password */ = {
			isa = PBXGroup;
			children = (
				B257D6A82A68DB9100A983E8 /* ForgotPasssword.swift */,
				B257D6AA2A68E3B800A983E8 /* VerifyOTP.swift */,
				B2C1D1B62A6A6BDE00D549CF /* ResetPassword.swift */,
			);
			path = Password;
			sourceTree = "<group>";
		};
		B257D6A72A68DB6300A983E8 /* Auth */ = {
			isa = PBXGroup;
			children = (
				B2E42EBA2A5E8E3100D78AD1 /* LoginPage */,
				B257D6A62A68DB5400A983E8 /* Password */,
			);
			path = Auth;
			sourceTree = "<group>";
		};
		B29803BC2A5EAAC700A94612 /* Components */ = {
			isa = PBXGroup;
			children = (
				B29803BD2A5EAAF300A94612 /* TextLabel.swift */,
				B21A48772A721551000A147B /* TextEditor.swift */,
			);
			path = Components;
			sourceTree = "<group>";
		};
		B29803C32A5EAC1B00A94612 /* Splashscreen */ = {
			isa = PBXGroup;
			children = (
				B29803C42A5EAC2900A94612 /* Splashscreen.swift */,
			);
			path = Splashscreen;
			sourceTree = "<group>";
		};
		B2AD6EE82A5FC82700BE1EB4 /* Services */ = {
			isa = PBXGroup;
			children = (
				B2AD6EED2A5FC9B400BE1EB4 /* SQLiteServices */,
				B2AD6EF02A5FCA3D00BE1EB4 /* MQTTService.swift */,
				B2AD6EE92A5FC84500BE1EB4 /* APIService.swift */,
			);
			path = Services;
			sourceTree = "<group>";
		};
		B2AD6EED2A5FC9B400BE1EB4 /* SQLiteServices */ = {
			isa = PBXGroup;
			children = (
				B2AD6EEE2A5FC9E500BE1EB4 /* AccountService.swift */,
			);
			path = SQLiteServices;
			sourceTree = "<group>";
		};
		B2AD6EF62A5FEFDA00BE1EB4 /* Fonts */ = {
			isa = PBXGroup;
			children = (
				B2AD6F212A5FF4FE00BE1EB4 /* Barlow-Black.ttf */,
				B2AD6F1C2A5FF4FE00BE1EB4 /* Barlow-BlackItalic.ttf */,
				B2AD6F202A5FF4FE00BE1EB4 /* Barlow-Bold.ttf */,
				B2AD6F1F2A5FF4FE00BE1EB4 /* Barlow-BoldItalic.ttf */,
				B2AD6F1B2A5FF4FE00BE1EB4 /* Barlow-ExtraBold.ttf */,
				B2AD6F2B2A5FF4FF00BE1EB4 /* Barlow-ExtraBoldItalic.ttf */,
				B2AD6F1D2A5FF4FE00BE1EB4 /* Barlow-ExtraLight.ttf */,
				B2AD6F2C2A5FF4FF00BE1EB4 /* Barlow-ExtraLightItalic.ttf */,
				B2AD6F242A5FF4FF00BE1EB4 /* Barlow-Italic.ttf */,
				B2AD6F1E2A5FF4FE00BE1EB4 /* Barlow-Light.ttf */,
				B2AD6F252A5FF4FF00BE1EB4 /* Barlow-LightItalic.ttf */,
				B2AD6F262A5FF4FF00BE1EB4 /* Barlow-Medium.ttf */,
				B2AD6F272A5FF4FF00BE1EB4 /* Barlow-MediumItalic.ttf */,
				B2AD6F2A2A5FF4FF00BE1EB4 /* Barlow-Regular.ttf */,
				B2AD6F222A5FF4FE00BE1EB4 /* Barlow-SemiBold.ttf */,
				B2AD6F282A5FF4FF00BE1EB4 /* Barlow-SemiBoldItalic.ttf */,
				B2AD6F232A5FF4FE00BE1EB4 /* Barlow-Thin.ttf */,
				B2AD6F292A5FF4FF00BE1EB4 /* Barlow-ThinItalic.ttf */,
			);
			path = Fonts;
			sourceTree = "<group>";
		};
		B2E42EB22A5E819500D78AD1 /* Launchpad */ = {
			isa = PBXGroup;
			children = (
				B2E42EB82A5E849800D78AD1 /* Launchpad.swift */,
			);
			path = Launchpad;
			sourceTree = "<group>";
		};
		B2E42EBA2A5E8E3100D78AD1 /* LoginPage */ = {
			isa = PBXGroup;
			children = (
				B2E42EBB2A5E8E4800D78AD1 /* LoginPage.swift */,
			);
			path = LoginPage;
			sourceTree = "<group>";
		};
		B2E42EBD2A5E8FA200D78AD1 /* Missions */ = {
			isa = PBXGroup;
			children = (
				B2E42EBE2A5E8FAC00D78AD1 /* MissionList.swift */,
				B21A487D2A7250F2000A147B /* ViewMission.swift */,
			);
			path = Missions;
			sourceTree = "<group>";
		};
		B2F62B5B2A5F9F780001A3B2 /* UXSDK */ = {
			isa = PBXGroup;
			children = (
				E7FD91A72A60F82400E10672 /* gitignore */,
				53EDD5F12346F384002E28AF /* ProductCommunication */,
				53EDD5F22346F3FC002E28AF /* DefaultLayout */,
				53EDD5F42346F425002E28AF /* MapWidget */,
				53EDD5F52346F43E002E28AF /* CustomWidget */,
				53EDD5F72346F45D002E28AF /* PanelsCatalog */,
				53EDD5F62346F456002E28AF /* WidgetsCatalog */,
			);
			path = UXSDK;
			sourceTree = "<group>";
		};
/* End PBXGroup section */

/* Begin PBXNativeTarget section */
		868A4ECF1E01FA53006FEE33 /* DronosUTM */ = {
			isa = PBXNativeTarget;
			buildConfigurationList = 868A4EE41E01FA53006FEE33 /* Build configuration list for PBXNativeTarget "DronosUTM" */;
			buildPhases = (
				84C213AE1AC09B3E01543850 /* [CP] Check Pods Manifest.lock */,
				868A4ECC1E01FA53006FEE33 /* Sources */,
				868A4ECD1E01FA53006FEE33 /* Frameworks */,
				868A4ECE1E01FA53006FEE33 /* Resources */,
				38D2C4751E0B1EF2009A3831 /* Embed Frameworks */,
				01F687A7966E0B317F94DCE3 /* [CP] Embed Pods Frameworks */,
				6778FE4B604A661B592745EB /* [CP] Copy Pods Resources */,
			);
			buildRules = (
			);
			dependencies = (
			);
			name = DronosUTM;
			productName = "UILib Sample";
			productReference = 868A4ED01E01FA53006FEE33 /* DronosUTM.app */;
			productType = "com.apple.product-type.application";
		};
/* End PBXNativeTarget section */

/* Begin PBXProject section */
		868A4EC81E01FA53006FEE33 /* Project object */ = {
			isa = PBXProject;
			attributes = {
				LastSwiftUpdateCheck = 0820;
				LastUpgradeCheck = 0820;
				ORGANIZATIONNAME = DJI;
				TargetAttributes = {
					868A4ECF1E01FA53006FEE33 = {
						CreatedOnToolsVersion = 8.2;
						DevelopmentTeam = H3Y2UKTAZ9;
						LastSwiftMigration = 0820;
						ProvisioningStyle = Automatic;
					};
				};
			};
			buildConfigurationList = 868A4ECB1E01FA53006FEE33 /* Build configuration list for PBXProject "DronosUTM" */;
			compatibilityVersion = "Xcode 3.2";
			developmentRegion = English;
			hasScannedForEncodings = 0;
			knownRegions = (
				English,
				en,
				Base,
			);
			mainGroup = 868A4EC71E01FA53006FEE33;
			productRefGroup = 868A4ED11E01FA53006FEE33 /* Products */;
			projectDirPath = "";
			projectRoot = "";
			targets = (
				868A4ECF1E01FA53006FEE33 /* DronosUTM */,
			);
		};
/* End PBXProject section */

/* Begin PBXResourcesBuildPhase section */
		868A4ECE1E01FA53006FEE33 /* Resources */ = {
			isa = PBXResourcesBuildPhase;
			buildActionMask = 2147483647;
			files = (
				B2AD6F322A5FF4FF00BE1EB4 /* Barlow-Bold.ttf in Resources */,
				B2AD6F312A5FF4FF00BE1EB4 /* Barlow-BoldItalic.ttf in Resources */,
				B2AD6F342A5FF4FF00BE1EB4 /* Barlow-SemiBold.ttf in Resources */,
				A452DC3C2070D8CC00EFBA30 /* DefaultLayout.storyboard in Resources */,
				B2AD6F3C2A5FF4FF00BE1EB4 /* Barlow-Regular.ttf in Resources */,
				B2AD6F362A5FF4FF00BE1EB4 /* Barlow-Italic.ttf in Resources */,
				B2AD6F382A5FF4FF00BE1EB4 /* Barlow-Medium.ttf in Resources */,
				B2AD6F352A5FF4FF00BE1EB4 /* Barlow-Thin.ttf in Resources */,
				B2AD6F3E2A5FF4FF00BE1EB4 /* Barlow-ExtraLightItalic.ttf in Resources */,
				B2AD6F3D2A5FF4FF00BE1EB4 /* Barlow-ExtraBoldItalic.ttf in Resources */,
				A452DC3B2070D8CC00EFBA30 /* Main.storyboard in Resources */,
				B2AD6F2F2A5FF4FF00BE1EB4 /* Barlow-ExtraLight.ttf in Resources */,
				B2AD6F2D2A5FF4FF00BE1EB4 /* Barlow-ExtraBold.ttf in Resources */,
				B2AD6F392A5FF4FF00BE1EB4 /* Barlow-MediumItalic.ttf in Resources */,
				B2AD6F3B2A5FF4FF00BE1EB4 /* Barlow-ThinItalic.ttf in Resources */,
				A452DC3D2070D8CC00EFBA30 /* DefaultLayoutCustomization.storyboard in Resources */,
				B2AD6F372A5FF4FF00BE1EB4 /* Barlow-LightItalic.ttf in Resources */,
				A452DC442070D8CC00EFBA30 /* PanelsCollections.storyboard in Resources */,
				A452DC472070D8CC00EFBA30 /* Widgets.storyboard in Resources */,
				B2AD6F302A5FF4FF00BE1EB4 /* Barlow-Light.ttf in Resources */,
				B2AD6F332A5FF4FF00BE1EB4 /* Barlow-Black.ttf in Resources */,
				B2AD6F3A2A5FF4FF00BE1EB4 /* Barlow-SemiBoldItalic.ttf in Resources */,
				53C8811121507142003F4561 /* MapWidget.storyboard in Resources */,
				A452DC392070D8CC00EFBA30 /* Assets.xcassets in Resources */,
				B2AD6F2E2A5FF4FF00BE1EB4 /* Barlow-BlackItalic.ttf in Resources */,
			);
			runOnlyForDeploymentPostprocessing = 0;
		};
/* End PBXResourcesBuildPhase section */

/* Begin PBXShellScriptBuildPhase section */
		01F687A7966E0B317F94DCE3 /* [CP] Embed Pods Frameworks */ = {
			isa = PBXShellScriptBuildPhase;
			buildActionMask = 2147483647;
			files = (
			);
			inputPaths = (
				"${PODS_ROOT}/Target Support Files/Pods-DronosUTM/Pods-DronosUTM-frameworks.sh",
				"${PODS_ROOT}/DJI-SDK-iOS/iOS_Mobile_SDK/DJISDK.framework",
				"${PODS_ROOT}/DJI-UXSDK-iOS/iOS_UX_SDK/DJIUXSDK.framework",
				"${PODS_ROOT}/DJIWidget/FFmpeg/FFmpeg.framework",
				"${BUILT_PRODUCTS_DIR}/DJIWidget/DJIWidget.framework",
				"${BUILT_PRODUCTS_DIR}/MapboxMaps/MapboxMaps.framework",
				"${BUILT_PRODUCTS_DIR}/Turf/Turf.framework",
				"${BUILT_PRODUCTS_DIR}/iOS-Color-Picker/iOS_Color_Picker.framework",
				"${PODS_XCFRAMEWORKS_BUILD_DIR}/MapboxCommon/MapboxCommon.framework/MapboxCommon",
				"${PODS_XCFRAMEWORKS_BUILD_DIR}/MapboxCoreMaps/MapboxCoreMaps.framework/MapboxCoreMaps",
				"${PODS_XCFRAMEWORKS_BUILD_DIR}/MapboxMobileEvents/MapboxMobileEvents.framework/MapboxMobileEvents",
			);
			name = "[CP] Embed Pods Frameworks";
			outputPaths = (
				"${TARGET_BUILD_DIR}/${FRAMEWORKS_FOLDER_PATH}/DJISDK.framework",
				"${TARGET_BUILD_DIR}/${FRAMEWORKS_FOLDER_PATH}/DJIUXSDK.framework",
				"${TARGET_BUILD_DIR}/${FRAMEWORKS_FOLDER_PATH}/FFmpeg.framework",
				"${TARGET_BUILD_DIR}/${FRAMEWORKS_FOLDER_PATH}/DJIWidget.framework",
				"${TARGET_BUILD_DIR}/${FRAMEWORKS_FOLDER_PATH}/MapboxMaps.framework",
				"${TARGET_BUILD_DIR}/${FRAMEWORKS_FOLDER_PATH}/Turf.framework",
				"${TARGET_BUILD_DIR}/${FRAMEWORKS_FOLDER_PATH}/iOS_Color_Picker.framework",
				"${TARGET_BUILD_DIR}/${FRAMEWORKS_FOLDER_PATH}/MapboxCommon.framework",
				"${TARGET_BUILD_DIR}/${FRAMEWORKS_FOLDER_PATH}/MapboxCoreMaps.framework",
				"${TARGET_BUILD_DIR}/${FRAMEWORKS_FOLDER_PATH}/MapboxMobileEvents.framework",
			);
			runOnlyForDeploymentPostprocessing = 0;
			shellPath = /bin/sh;
			shellScript = "\"${PODS_ROOT}/Target Support Files/Pods-DronosUTM/Pods-DronosUTM-frameworks.sh\"\n";
			showEnvVarsInLog = 0;
		};
		6778FE4B604A661B592745EB /* [CP] Copy Pods Resources */ = {
			isa = PBXShellScriptBuildPhase;
			buildActionMask = 2147483647;
			files = (
			);
			inputPaths = (
				"${PODS_ROOT}/Target Support Files/Pods-DronosUTM/Pods-DronosUTM-resources.sh",
				"${PODS_ROOT}/DJIFlySafeDatabaseResource/DJIFlySafeDatabaseResource.bundle",
			);
			name = "[CP] Copy Pods Resources";
			outputPaths = (
				"${TARGET_BUILD_DIR}/${UNLOCALIZED_RESOURCES_FOLDER_PATH}/DJIFlySafeDatabaseResource.bundle",
			);
			runOnlyForDeploymentPostprocessing = 0;
			shellPath = /bin/sh;
			shellScript = "\"${PODS_ROOT}/Target Support Files/Pods-DronosUTM/Pods-DronosUTM-resources.sh\"\n";
			showEnvVarsInLog = 0;
		};
		84C213AE1AC09B3E01543850 /* [CP] Check Pods Manifest.lock */ = {
			isa = PBXShellScriptBuildPhase;
			buildActionMask = 2147483647;
			files = (
			);
			inputFileListPaths = (
			);
			inputPaths = (
				"${PODS_PODFILE_DIR_PATH}/Podfile.lock",
				"${PODS_ROOT}/Manifest.lock",
			);
			name = "[CP] Check Pods Manifest.lock";
			outputFileListPaths = (
			);
			outputPaths = (
				"$(DERIVED_FILE_DIR)/Pods-DronosUTM-checkManifestLockResult.txt",
			);
			runOnlyForDeploymentPostprocessing = 0;
			shellPath = /bin/sh;
			shellScript = "diff \"${PODS_PODFILE_DIR_PATH}/Podfile.lock\" \"${PODS_ROOT}/Manifest.lock\" > /dev/null\nif [ $? != 0 ] ; then\n    # print error to STDERR\n    echo \"error: The sandbox is not in sync with the Podfile.lock. Run 'pod install' or update your CocoaPods installation.\" >&2\n    exit 1\nfi\n# This output is used by Xcode 'outputs' to avoid re-running this script phase.\necho \"SUCCESS\" > \"${SCRIPT_OUTPUT_FILE_0}\"\n";
			showEnvVarsInLog = 0;
		};
/* End PBXShellScriptBuildPhase section */

/* Begin PBXSourcesBuildPhase section */
		868A4ECC1E01FA53006FEE33 /* Sources */ = {
			isa = PBXSourcesBuildPhase;
			buildActionMask = 2147483647;
			files = (
				B21A487A2A7219C8000A147B /* HorizontalView.swift in Sources */,
				B21A48812A725567000A147B /* Profile.swift in Sources */,
				53C8811021507142003F4561 /* CustomMapViewController.swift in Sources */,
				B2E42EB72A5E83EC00D78AD1 /* MainViewController.swift in Sources */,
				A452DC452070D8CC00EFBA30 /* PanelsCollectionsViewController.swift in Sources */,
				B2E42EB92A5E849800D78AD1 /* Launchpad.swift in Sources */,
				B2E42EBC2A5E8E4800D78AD1 /* LoginPage.swift in Sources */,
				A452DC462070D8CC00EFBA30 /* ProductCommunicationService.swift in Sources */,
				A452DC422070D8CC00EFBA30 /* MapWidgetViewController.swift in Sources */,
				B2AD6EF12A5FCA3D00BE1EB4 /* MQTTService.swift in Sources */,
				B2C1D1B72A6A6BDE00D549CF /* ResetPassword.swift in Sources */,
				B29803C52A5EAC2900A94612 /* Splashscreen.swift in Sources */,
				B29803BE2A5EAAF300A94612 /* TextLabel.swift in Sources */,
				B2AD6EF52A5FE2DD00BE1EB4 /* Colors.swift in Sources */,
				B21A487E2A7250F2000A147B /* ViewMission.swift in Sources */,
				A452DC3E2070D8CC00EFBA30 /* DefaultLayoutCustomizationViewController.swift in Sources */,
				B2AD6EEF2A5FC9E500BE1EB4 /* AccountService.swift in Sources */,
				B257D6AB2A68E3B800A983E8 /* VerifyOTP.swift in Sources */,
				B21A48782A721551000A147B /* TextEditor.swift in Sources */,
				A452DC482070D8CC00EFBA30 /* WidgetsViewController.swift in Sources */,
				A452DC432070D8CC00EFBA30 /* MyBatteryWidget.swift in Sources */,
				53ECE275233DB80100E278CD /* SimulationControlsViewController.swift in Sources */,
				53ECE278233DB8B500E278CD /* Helpers.swift in Sources */,
				B21A487C2A722A1D000A147B /* AppFlow.swift in Sources */,
				B2E42EBF2A5E8FAC00D78AD1 /* MissionList.swift in Sources */,
				A452DC382070D8CC00EFBA30 /* AppDelegate.swift in Sources */,
				B2AD6EEA2A5FC84500BE1EB4 /* APIService.swift in Sources */,
				A452DC3F2070D8CC00EFBA30 /* DefaultLayoutViewController.swift in Sources */,
				B257D6A92A68DB9100A983E8 /* ForgotPasssword.swift in Sources */,
				B257D6AD2A68EDEA00A983E8 /* Constants.swift in Sources */,
			);
			runOnlyForDeploymentPostprocessing = 0;
		};
/* End PBXSourcesBuildPhase section */

/* Begin PBXVariantGroup section */
		A452DC292070D8CB00EFBA30 /* Main.storyboard */ = {
			isa = PBXVariantGroup;
			children = (
				A452DC2A2070D8CB00EFBA30 /* Base */,
			);
			name = Main.storyboard;
			sourceTree = "<group>";
		};
/* End PBXVariantGroup section */

/* Begin XCBuildConfiguration section */
		868A4EE21E01FA53006FEE33 /* Debug */ = {
			isa = XCBuildConfiguration;
			buildSettings = {
				ALWAYS_SEARCH_USER_PATHS = NO;
				CLANG_ANALYZER_NONNULL = YES;
				CLANG_CXX_LANGUAGE_STANDARD = "gnu++0x";
				CLANG_CXX_LIBRARY = "libc++";
				CLANG_ENABLE_MODULES = YES;
				CLANG_ENABLE_OBJC_ARC = YES;
				CLANG_WARN_BOOL_CONVERSION = YES;
				CLANG_WARN_CONSTANT_CONVERSION = YES;
				CLANG_WARN_DIRECT_OBJC_ISA_USAGE = YES_ERROR;
				CLANG_WARN_DOCUMENTATION_COMMENTS = YES;
				CLANG_WARN_EMPTY_BODY = YES;
				CLANG_WARN_ENUM_CONVERSION = YES;
				CLANG_WARN_INFINITE_RECURSION = YES;
				CLANG_WARN_INT_CONVERSION = YES;
				CLANG_WARN_OBJC_ROOT_CLASS = YES_ERROR;
				CLANG_WARN_SUSPICIOUS_MOVE = YES;
				CLANG_WARN_UNREACHABLE_CODE = YES;
				CLANG_WARN__DUPLICATE_METHOD_MATCH = YES;
				"CODE_SIGN_IDENTITY[sdk=iphoneos*]" = "iPhone Developer";
				COPY_PHASE_STRIP = NO;
				DEBUG_INFORMATION_FORMAT = dwarf;
				ENABLE_STRICT_OBJC_MSGSEND = YES;
				ENABLE_TESTABILITY = YES;
				GCC_C_LANGUAGE_STANDARD = gnu99;
				GCC_DYNAMIC_NO_PIC = NO;
				GCC_NO_COMMON_BLOCKS = YES;
				GCC_OPTIMIZATION_LEVEL = 0;
				GCC_PREPROCESSOR_DEFINITIONS = (
					"DEBUG=1",
					"$(inherited)",
				);
				GCC_WARN_64_TO_32_BIT_CONVERSION = YES;
				GCC_WARN_ABOUT_RETURN_TYPE = YES_ERROR;
				GCC_WARN_UNDECLARED_SELECTOR = YES;
				GCC_WARN_UNINITIALIZED_AUTOS = YES_AGGRESSIVE;
				GCC_WARN_UNUSED_FUNCTION = YES;
				GCC_WARN_UNUSED_VARIABLE = YES;
				IPHONEOS_DEPLOYMENT_TARGET = 13.0;
				MTL_ENABLE_DEBUG_INFO = YES;
				ONLY_ACTIVE_ARCH = YES;
				SDKROOT = iphoneos;
				SWIFT_ACTIVE_COMPILATION_CONDITIONS = DEBUG;
				SWIFT_OPTIMIZATION_LEVEL = "-Onone";
				TARGETED_DEVICE_FAMILY = 2;
			};
			name = Debug;
		};
		868A4EE31E01FA53006FEE33 /* Release */ = {
			isa = XCBuildConfiguration;
			buildSettings = {
				ALWAYS_SEARCH_USER_PATHS = NO;
				CLANG_ANALYZER_NONNULL = YES;
				CLANG_CXX_LANGUAGE_STANDARD = "gnu++0x";
				CLANG_CXX_LIBRARY = "libc++";
				CLANG_ENABLE_MODULES = YES;
				CLANG_ENABLE_OBJC_ARC = YES;
				CLANG_WARN_BOOL_CONVERSION = YES;
				CLANG_WARN_CONSTANT_CONVERSION = YES;
				CLANG_WARN_DIRECT_OBJC_ISA_USAGE = YES_ERROR;
				CLANG_WARN_DOCUMENTATION_COMMENTS = YES;
				CLANG_WARN_EMPTY_BODY = YES;
				CLANG_WARN_ENUM_CONVERSION = YES;
				CLANG_WARN_INFINITE_RECURSION = YES;
				CLANG_WARN_INT_CONVERSION = YES;
				CLANG_WARN_OBJC_ROOT_CLASS = YES_ERROR;
				CLANG_WARN_SUSPICIOUS_MOVE = YES;
				CLANG_WARN_UNREACHABLE_CODE = YES;
				CLANG_WARN__DUPLICATE_METHOD_MATCH = YES;
				"CODE_SIGN_IDENTITY[sdk=iphoneos*]" = "iPhone Developer";
				COPY_PHASE_STRIP = NO;
				DEBUG_INFORMATION_FORMAT = "dwarf-with-dsym";
				ENABLE_NS_ASSERTIONS = NO;
				ENABLE_STRICT_OBJC_MSGSEND = YES;
				GCC_C_LANGUAGE_STANDARD = gnu99;
				GCC_NO_COMMON_BLOCKS = YES;
				GCC_WARN_64_TO_32_BIT_CONVERSION = YES;
				GCC_WARN_ABOUT_RETURN_TYPE = YES_ERROR;
				GCC_WARN_UNDECLARED_SELECTOR = YES;
				GCC_WARN_UNINITIALIZED_AUTOS = YES_AGGRESSIVE;
				GCC_WARN_UNUSED_FUNCTION = YES;
				GCC_WARN_UNUSED_VARIABLE = YES;
				IPHONEOS_DEPLOYMENT_TARGET = 13.0;
				MTL_ENABLE_DEBUG_INFO = NO;
				SDKROOT = iphoneos;
				SWIFT_OPTIMIZATION_LEVEL = "-Owholemodule";
				TARGETED_DEVICE_FAMILY = 2;
				VALIDATE_PRODUCT = YES;
			};
			name = Release;
		};
		868A4EE51E01FA53006FEE33 /* Debug */ = {
			isa = XCBuildConfiguration;
			baseConfigurationReference = DA877DEDB7DA07E361440993 /* Pods-DronosUTM.debug.xcconfig */;
			buildSettings = {
				ASSETCATALOG_COMPILER_APPICON_NAME = AppIcon;
				DEVELOPMENT_TEAM = H3Y2UKTAZ9;
				EMBED_ASSET_PACKS_IN_PRODUCT_BUNDLE = NO;
				ENABLE_BITCODE = NO;
				FRAMEWORK_SEARCH_PATHS = (
					"$(inherited)",
					"$(PROJECT_DIR)/Frameworks",
					"$(PROJECT_DIR)/../DJIWidget/**",
				);
				INFOPLIST_FILE = "$(SRCROOT)/DronosUTM/Info.plist";
				INFOPLIST_KEY_CFBundleDisplayName = "Dronos UTM";
				IPHONEOS_DEPLOYMENT_TARGET = 15.0;
				LD_RUNPATH_SEARCH_PATHS = "$(inherited) @executable_path/Frameworks";
				LIBRARY_SEARCH_PATHS = (
					"$(inherited)",
					"$(PROJECT_DIR)/Frameworks/VideoPreviewer/VideoPreviewer/ffmpeg/lib",
				);
				PRODUCT_BUNDLE_IDENTIFIER = com.dji.UXSDKSwiftSample.test298;
				PRODUCT_NAME = "$(TARGET_NAME)";
				SWIFT_VERSION = 4.2;
				TARGETED_DEVICE_FAMILY = "1,2";
			};
			name = Debug;
		};
		868A4EE61E01FA53006FEE33 /* Release */ = {
			isa = XCBuildConfiguration;
			baseConfigurationReference = 768E93E62BC6C08834700599 /* Pods-DronosUTM.release.xcconfig */;
			buildSettings = {
				ASSETCATALOG_COMPILER_APPICON_NAME = AppIcon;
				DEVELOPMENT_TEAM = H3Y2UKTAZ9;
				EMBED_ASSET_PACKS_IN_PRODUCT_BUNDLE = NO;
				ENABLE_BITCODE = NO;
				FRAMEWORK_SEARCH_PATHS = (
					"$(inherited)",
					"$(PROJECT_DIR)/Frameworks",
					"$(PROJECT_DIR)/../DJIWidget/**",
				);
				INFOPLIST_FILE = "$(SRCROOT)/DronosUTM/Info.plist";
				INFOPLIST_KEY_CFBundleDisplayName = "Dronos UTM";
				IPHONEOS_DEPLOYMENT_TARGET = 15.0;
				LD_RUNPATH_SEARCH_PATHS = "$(inherited) @executable_path/Frameworks";
				LIBRARY_SEARCH_PATHS = (
					"$(inherited)",
					"$(PROJECT_DIR)/Frameworks/VideoPreviewer/VideoPreviewer/ffmpeg/lib",
				);
				PRODUCT_BUNDLE_IDENTIFIER = com.dji.UXSDKSwiftSample.test298;
				PRODUCT_NAME = "$(TARGET_NAME)";
				SWIFT_VERSION = 4.2;
				TARGETED_DEVICE_FAMILY = "1,2";
			};
			name = Release;
		};
/* End XCBuildConfiguration section */

/* Begin XCConfigurationList section */
		868A4ECB1E01FA53006FEE33 /* Build configuration list for PBXProject "DronosUTM" */ = {
			isa = XCConfigurationList;
			buildConfigurations = (
				868A4EE21E01FA53006FEE33 /* Debug */,
				868A4EE31E01FA53006FEE33 /* Release */,
			);
			defaultConfigurationIsVisible = 0;
			defaultConfigurationName = Release;
		};
		868A4EE41E01FA53006FEE33 /* Build configuration list for PBXNativeTarget "DronosUTM" */ = {
			isa = XCConfigurationList;
			buildConfigurations = (
				868A4EE51E01FA53006FEE33 /* Debug */,
				868A4EE61E01FA53006FEE33 /* Release */,
			);
			defaultConfigurationIsVisible = 0;
			defaultConfigurationName = Release;
		};
/* End XCConfigurationList section */
	};
	rootObject = 868A4EC81E01FA53006FEE33 /* Project object */;
}
